
Microsoft Visual Studio Solution File, Format Version 12.00
# Visual Studio Version 17
VisualStudioVersion = 17.8.34511.84
MinimumVisualStudioVersion = 10.0.40219.1
Project("{9A19103F-16F7-4668-BE54-9A1E7A4F7556}") = "SuperheroSocialClub", "SuperheroSocialClub\SuperheroSocialClub.csproj", "{BA5FA904-EE30-4D8A-8BAE-3F7B576235F7}"
EndProject
Global
	GlobalSection(SolutionConfigurationPlatforms) = preSolution
		Debug|Any CPU = Debug|Any CPU
		Release|Any CPU = Release|Any CPU
	EndGlobalSection
	GlobalSection(ProjectConfigurationPlatforms) = postSolution
		{BA5FA904-EE30-4D8A-8BAE-3F7B576235F7}.Debug|Any CPU.ActiveCfg = Debug|Any CPU
		{BA5FA904-EE30-4D8A-8BAE-3F7B576235F7}.Debug|Any CPU.Build.0 = Debug|Any CPU
		{BA5FA904-EE30-4D8A-8BAE-3F7B576235F7}.Release|Any CPU.ActiveCfg = Release|Any CPU
		{BA5FA904-EE30-4D8A-8BAE-3F7B576235F7}.Release|Any CPU.Build.0 = Release|Any CPU
	EndGlobalSection
	GlobalSection(SolutionProperties) = preSolution
		HideSolutionNode = FALSE
	EndGlobalSection
	GlobalSection(ExtensibilityGlobals) = postSolution
		SolutionGuid = {50BC1CD5-865E-4863-96A1-8C8FF431A98D}
	EndGlobalSection
EndGlobal
